
Microsoft Visual Studio Solution File, Format Version 12.00
# Visual Studio Version 17
VisualStudioVersion = 17.11.35431.28
MinimumVisualStudioVersion = 10.0.40219.1
Project("{FAE04EC0-301F-11D3-BF4B-00C04F79EFBC}") = "Dotnet9MVCApp", "Dotnet9MVCApp.csproj", "{A3CD16A3-6200-41E4-B4E2-223D8B81387A}"
EndProject
Global
	GlobalSection(SolutionConfigurationPlatforms) = preSolution
		Debug|Any CPU = Debug|Any CPU
		Release|Any CPU = Release|Any CPU
	EndGlobalSection
	GlobalSection(ProjectConfigurationPlatforms) = postSolution
		{A3CD16A3-6200-41E4-B4E2-223D8B81387A}.Debug|Any CPU.ActiveCfg = Debug|Any CPU
		{A3CD16A3-6200-41E4-B4E2-223D8B81387A}.Debug|Any CPU.Build.0 = Debug|Any CPU
		{A3CD16A3-6200-41E4-B4E2-223D8B81387A}.Release|Any CPU.ActiveCfg = Release|Any CPU
		{A3CD16A3-6200-41E4-B4E2-223D8B81387A}.Release|Any CPU.Build.0 = Release|Any CPU
	EndGlobalSection
	GlobalSection(SolutionProperties) = preSolution
		HideSolutionNode = FALSE
	EndGlobalSection
	GlobalSection(ExtensibilityGlobals) = postSolution
		SolutionGuid = {7C2E8563-CC34-46EA-B4C1-1E107F718EBD}
	EndGlobalSection
EndGlobal
